
Microsoft Visual Studio Solution File, Format Version 12.00
# Visual Studio Version 16
VisualStudioVersion = 16.0.32228.343
MinimumVisualStudioVersion = 10.0.40219.1
Project("{FAE04EC0-301F-11D3-BF4B-00C04F79EFBC}") = "WriteNotesApplication", "WriteNotesApplication\WriteNotesApplication.csproj", "{7139A520-4274-4B9A-B24D-183F8DCF5D40}"
EndProject
Project("{FAE04EC0-301F-11D3-BF4B-00C04F79EFBC}") = "ReminderWinService", "ReminderWinService\ReminderWinService.csproj", "{224A6DEA-96ED-4759-A8C1-D17D1B7F40EE}"
EndProject
Global
	GlobalSection(SolutionConfigurationPlatforms) = preSolution
		Debug|Any CPU = Debug|Any CPU
		Release|Any CPU = Release|Any CPU
	EndGlobalSection
	GlobalSection(ProjectConfigurationPlatforms) = postSolution
		{7139A520-4274-4B9A-B24D-183F8DCF5D40}.Debug|Any CPU.ActiveCfg = Debug|Any CPU
		{7139A520-4274-4B9A-B24D-183F8DCF5D40}.Debug|Any CPU.Build.0 = Debug|Any CPU
		{7139A520-4274-4B9A-B24D-183F8DCF5D40}.Release|Any CPU.ActiveCfg = Release|Any CPU
		{7139A520-4274-4B9A-B24D-183F8DCF5D40}.Release|Any CPU.Build.0 = Release|Any CPU
		{224A6DEA-96ED-4759-A8C1-D17D1B7F40EE}.Debug|Any CPU.ActiveCfg = Debug|Any CPU
		{224A6DEA-96ED-4759-A8C1-D17D1B7F40EE}.Debug|Any CPU.Build.0 = Debug|Any CPU
		{224A6DEA-96ED-4759-A8C1-D17D1B7F40EE}.Release|Any CPU.ActiveCfg = Release|Any CPU
		{224A6DEA-96ED-4759-A8C1-D17D1B7F40EE}.Release|Any CPU.Build.0 = Release|Any CPU
	EndGlobalSection
	GlobalSection(SolutionProperties) = preSolution
		HideSolutionNode = FALSE
	EndGlobalSection
	GlobalSection(ExtensibilityGlobals) = postSolution
		SolutionGuid = {A131161B-7442-42B4-A2A9-255EB71E218B}
	EndGlobalSection
EndGlobal
